
Microsoft Visual Studio Solution File, Format Version 12.00
# Visual Studio Version 17
VisualStudioVersion = 17.11.35222.181
MinimumVisualStudioVersion = 10.0.40219.1
Project("{FAE04EC0-301F-11D3-BF4B-00C04F79EFBC}") = "FactorialProgram", "FactorialProgram.csproj", "{21FE4654-7879-4CD5-82B3-F3C4792DF236}"
EndProject
Global
	GlobalSection(SolutionConfigurationPlatforms) = preSolution
		Debug|Any CPU = Debug|Any CPU
		Release|Any CPU = Release|Any CPU
	EndGlobalSection
	GlobalSection(ProjectConfigurationPlatforms) = postSolution
		{21FE4654-7879-4CD5-82B3-F3C4792DF236}.Debug|Any CPU.ActiveCfg = Debug|Any CPU
		{21FE4654-7879-4CD5-82B3-F3C4792DF236}.Debug|Any CPU.Build.0 = Debug|Any CPU
		{21FE4654-7879-4CD5-82B3-F3C4792DF236}.Release|Any CPU.ActiveCfg = Release|Any CPU
		{21FE4654-7879-4CD5-82B3-F3C4792DF236}.Release|Any CPU.Build.0 = Release|Any CPU
	EndGlobalSection
	GlobalSection(SolutionProperties) = preSolution
		HideSolutionNode = FALSE
	EndGlobalSection
	GlobalSection(ExtensibilityGlobals) = postSolution
		SolutionGuid = {7C8ABD2E-6820-4E6E-818F-CF9AC26B0996}
	EndGlobalSection
EndGlobal
